
Microsoft Visual Studio Solution File, Format Version 12.00
# Visual Studio 15
VisualStudioVersion = 15.0.28307.572
MinimumVisualStudioVersion = 10.0.40219.1
Project("{FAE04EC0-301F-11D3-BF4B-00C04F79EFBC}") = "AspNetAndReact", "AspNetAndReact\AspNetAndReact.csproj", "{2C3F80D6-171F-4312-9EE9-4B2710ABD33D}"
EndProject
Global
	GlobalSection(SolutionConfigurationPlatforms) = preSolution
		Debug|Any CPU = Debug|Any CPU
		Release|Any CPU = Release|Any CPU
	EndGlobalSection
	GlobalSection(ProjectConfigurationPlatforms) = postSolution
		{2C3F80D6-171F-4312-9EE9-4B2710ABD33D}.Debug|Any CPU.ActiveCfg = Debug|Any CPU
		{2C3F80D6-171F-4312-9EE9-4B2710ABD33D}.Debug|Any CPU.Build.0 = Debug|Any CPU
		{2C3F80D6-171F-4312-9EE9-4B2710ABD33D}.Release|Any CPU.ActiveCfg = Release|Any CPU
		{2C3F80D6-171F-4312-9EE9-4B2710ABD33D}.Release|Any CPU.Build.0 = Release|Any CPU
	EndGlobalSection
	GlobalSection(SolutionProperties) = preSolution
		HideSolutionNode = FALSE
	EndGlobalSection
	GlobalSection(ExtensibilityGlobals) = postSolution
		SolutionGuid = {A47759A0-9E03-49F4-A795-265E2E854997}
	EndGlobalSection
EndGlobal
